
Microsoft Visual Studio Solution File, Format Version 12.00
# Visual Studio 15
VisualStudioVersion = 15.0.28010.2046
MinimumVisualStudioVersion = 10.0.40219.1
Project("{8BC9CEB8-8B4A-11D0-8D11-00A0C91BC942}") = "SP_hw_practice", "SP_hw_practice\SP_hw_practice.vcxproj", "{BD3CFF7F-3A3C-4BF1-9483-02D9A55411BC}"
EndProject
Global
	GlobalSection(SolutionConfigurationPlatforms) = preSolution
		Debug|x64 = Debug|x64
		Debug|x86 = Debug|x86
		Release|x64 = Release|x64
		Release|x86 = Release|x86
	EndGlobalSection
	GlobalSection(ProjectConfigurationPlatforms) = postSolution
		{BD3CFF7F-3A3C-4BF1-9483-02D9A55411BC}.Debug|x64.ActiveCfg = Debug|x64
		{BD3CFF7F-3A3C-4BF1-9483-02D9A55411BC}.Debug|x64.Build.0 = Debug|x64
		{BD3CFF7F-3A3C-4BF1-9483-02D9A55411BC}.Debug|x86.ActiveCfg = Debug|Win32
		{BD3CFF7F-3A3C-4BF1-9483-02D9A55411BC}.Debug|x86.Build.0 = Debug|Win32
		{BD3CFF7F-3A3C-4BF1-9483-02D9A55411BC}.Release|x64.ActiveCfg = Release|x64
		{BD3CFF7F-3A3C-4BF1-9483-02D9A55411BC}.Release|x64.Build.0 = Release|x64
		{BD3CFF7F-3A3C-4BF1-9483-02D9A55411BC}.Release|x86.ActiveCfg = Release|Win32
		{BD3CFF7F-3A3C-4BF1-9483-02D9A55411BC}.Release|x86.Build.0 = Release|Win32
	EndGlobalSection
	GlobalSection(SolutionProperties) = preSolution
		HideSolutionNode = FALSE
	EndGlobalSection
	GlobalSection(ExtensibilityGlobals) = postSolution
		SolutionGuid = {0B497B06-5DFC-4057-B4AC-03611E1CC9B0}
	EndGlobalSection
EndGlobal
