
Microsoft Visual Studio Solution File, Format Version 12.00
# Visual Studio 15
VisualStudioVersion = 15.0.28010.2046
MinimumVisualStudioVersion = 10.0.40219.1
Project("{8BC9CEB8-8B4A-11D0-8D11-00A0C91BC942}") = "알고리즘설계 7주차실습", "알고리즘설계 7주차실습\알고리즘설계 7주차실습.vcxproj", "{7011C96D-4483-40DA-918B-1B0DD1890822}"
EndProject
Global
	GlobalSection(SolutionConfigurationPlatforms) = preSolution
		Debug|x64 = Debug|x64
		Debug|x86 = Debug|x86
		Release|x64 = Release|x64
		Release|x86 = Release|x86
	EndGlobalSection
	GlobalSection(ProjectConfigurationPlatforms) = postSolution
		{7011C96D-4483-40DA-918B-1B0DD1890822}.Debug|x64.ActiveCfg = Debug|x64
		{7011C96D-4483-40DA-918B-1B0DD1890822}.Debug|x64.Build.0 = Debug|x64
		{7011C96D-4483-40DA-918B-1B0DD1890822}.Debug|x86.ActiveCfg = Debug|Win32
		{7011C96D-4483-40DA-918B-1B0DD1890822}.Debug|x86.Build.0 = Debug|Win32
		{7011C96D-4483-40DA-918B-1B0DD1890822}.Release|x64.ActiveCfg = Release|x64
		{7011C96D-4483-40DA-918B-1B0DD1890822}.Release|x64.Build.0 = Release|x64
		{7011C96D-4483-40DA-918B-1B0DD1890822}.Release|x86.ActiveCfg = Release|Win32
		{7011C96D-4483-40DA-918B-1B0DD1890822}.Release|x86.Build.0 = Release|Win32
	EndGlobalSection
	GlobalSection(SolutionProperties) = preSolution
		HideSolutionNode = FALSE
	EndGlobalSection
	GlobalSection(ExtensibilityGlobals) = postSolution
		SolutionGuid = {DC12BC11-8D7E-4222-BDB2-D842D2B3C9D9}
	EndGlobalSection
EndGlobal
