
Microsoft Visual Studio Solution File, Format Version 12.00
# Visual Studio 15
VisualStudioVersion = 15.0.28010.2046
MinimumVisualStudioVersion = 10.0.40219.1
Project("{8BC9CEB8-8B4A-11D0-8D11-00A0C91BC942}") = "알고리즘설계 10주차실습", "알고리즘설계 10주차실습\알고리즘설계 10주차실습.vcxproj", "{B2EC6533-F7E7-403A-B808-9ECFFFF4D106}"
EndProject
Global
	GlobalSection(SolutionConfigurationPlatforms) = preSolution
		Debug|x64 = Debug|x64
		Debug|x86 = Debug|x86
		Release|x64 = Release|x64
		Release|x86 = Release|x86
	EndGlobalSection
	GlobalSection(ProjectConfigurationPlatforms) = postSolution
		{B2EC6533-F7E7-403A-B808-9ECFFFF4D106}.Debug|x64.ActiveCfg = Debug|x64
		{B2EC6533-F7E7-403A-B808-9ECFFFF4D106}.Debug|x64.Build.0 = Debug|x64
		{B2EC6533-F7E7-403A-B808-9ECFFFF4D106}.Debug|x86.ActiveCfg = Debug|Win32
		{B2EC6533-F7E7-403A-B808-9ECFFFF4D106}.Debug|x86.Build.0 = Debug|Win32
		{B2EC6533-F7E7-403A-B808-9ECFFFF4D106}.Release|x64.ActiveCfg = Release|x64
		{B2EC6533-F7E7-403A-B808-9ECFFFF4D106}.Release|x64.Build.0 = Release|x64
		{B2EC6533-F7E7-403A-B808-9ECFFFF4D106}.Release|x86.ActiveCfg = Release|Win32
		{B2EC6533-F7E7-403A-B808-9ECFFFF4D106}.Release|x86.Build.0 = Release|Win32
	EndGlobalSection
	GlobalSection(SolutionProperties) = preSolution
		HideSolutionNode = FALSE
	EndGlobalSection
	GlobalSection(ExtensibilityGlobals) = postSolution
		SolutionGuid = {E6BF6342-C011-4883-8AEC-3B116D6A0C47}
	EndGlobalSection
EndGlobal
